
Microsoft Visual Studio Solution File, Format Version 12.00
# Visual Studio Version 17
VisualStudioVersion = 17.6.33712.159
MinimumVisualStudioVersion = 10.0.40219.1
Project("{9A19103F-16F7-4668-BE54-9A1E7A4F7556}") = "Basics", "Basics.csproj", "{9FFE8ADA-0967-471A-8615-DA3EB4B15F21}"
EndProject
Project("{2150E333-8FDC-42A3-9474-1A3956D46DE8}") = "Solution Items", "Solution Items", "{B86E0CA8-5175-4E84-AEC7-220F4CCC12C1}"
	ProjectSection(SolutionItems) = preProject
		.editorconfig = .editorconfig
	EndProjectSection
EndProject
Global
	GlobalSection(SolutionConfigurationPlatforms) = preSolution
		Debug|Any CPU = Debug|Any CPU
		Release|Any CPU = Release|Any CPU
	EndGlobalSection
	GlobalSection(ProjectConfigurationPlatforms) = postSolution
		{9FFE8ADA-0967-471A-8615-DA3EB4B15F21}.Debug|Any CPU.ActiveCfg = Debug|Any CPU
		{9FFE8ADA-0967-471A-8615-DA3EB4B15F21}.Debug|Any CPU.Build.0 = Debug|Any CPU
		{9FFE8ADA-0967-471A-8615-DA3EB4B15F21}.Release|Any CPU.ActiveCfg = Release|Any CPU
		{9FFE8ADA-0967-471A-8615-DA3EB4B15F21}.Release|Any CPU.Build.0 = Release|Any CPU
	EndGlobalSection
	GlobalSection(SolutionProperties) = preSolution
		HideSolutionNode = FALSE
	EndGlobalSection
	GlobalSection(ExtensibilityGlobals) = postSolution
		SolutionGuid = {D34AB983-38A4-41C1-8BCF-6685C14A7F75}
	EndGlobalSection
EndGlobal
